
Microsoft Visual Studio Solution File, Format Version 12.00
# Visual Studio Version 17
VisualStudioVersion = 17.0.31919.166
MinimumVisualStudioVersion = 10.0.40219.1
Project("{9A19103F-16F7-4668-BE54-9A1E7A4F7556}") = "AttackGame", "AttackGame\AttackGame.csproj", "{4E040FE0-41F0-4B2E-A86E-C58DE8285CC0}"
EndProject
Project("{9A19103F-16F7-4668-BE54-9A1E7A4F7556}") = "EliminationEngine", "EliminationEngine\EliminationEngine.csproj", "{52C3C195-229C-4B65-AB14-7F39E736E841}"
EndProject
Project("{9A19103F-16F7-4668-BE54-9A1E7A4F7556}") = "SharpFont", "SharpFont\Source\SharpFont\SharpFont.csproj", "{5C71CE52-BE71-4181-BD27-961DC8347226}"
EndProject
Project("{9A19103F-16F7-4668-BE54-9A1E7A4F7556}") = "SharpFont.Gdi", "SharpFont\Source\SharpFont.GDI\SharpFont.Gdi.csproj", "{802FB5D3-8CC0-4C52-8A1F-64CD10817A41}"
EndProject
Project("{9A19103F-16F7-4668-BE54-9A1E7A4F7556}") = "Gwen.Net", "Gwen.Net\Gwen.Net\Gwen.Net.csproj", "{54151BEC-AD7D-475E-98A8-B887AEF54B9E}"
EndProject
Project("{9A19103F-16F7-4668-BE54-9A1E7A4F7556}") = "Gwen.Net.OpenTk", "Gwen.Net\Gwen.Net.OpenTk\Gwen.Net.OpenTk.csproj", "{C5138B2E-89DE-4DE8-9A96-9B6F728F37FD}"
EndProject
Global
	GlobalSection(SolutionConfigurationPlatforms) = preSolution
		Debug|Any CPU = Debug|Any CPU
		Release|Any CPU = Release|Any CPU
	EndGlobalSection
	GlobalSection(ProjectConfigurationPlatforms) = postSolution
		{4E040FE0-41F0-4B2E-A86E-C58DE8285CC0}.Debug|Any CPU.ActiveCfg = Debug|Any CPU
		{4E040FE0-41F0-4B2E-A86E-C58DE8285CC0}.Debug|Any CPU.Build.0 = Debug|Any CPU
		{4E040FE0-41F0-4B2E-A86E-C58DE8285CC0}.Release|Any CPU.ActiveCfg = Release|Any CPU
		{4E040FE0-41F0-4B2E-A86E-C58DE8285CC0}.Release|Any CPU.Build.0 = Release|Any CPU
		{52C3C195-229C-4B65-AB14-7F39E736E841}.Debug|Any CPU.ActiveCfg = Debug|Any CPU
		{52C3C195-229C-4B65-AB14-7F39E736E841}.Debug|Any CPU.Build.0 = Debug|Any CPU
		{52C3C195-229C-4B65-AB14-7F39E736E841}.Release|Any CPU.ActiveCfg = Release|Any CPU
		{52C3C195-229C-4B65-AB14-7F39E736E841}.Release|Any CPU.Build.0 = Release|Any CPU
		{5C71CE52-BE71-4181-BD27-961DC8347226}.Debug|Any CPU.ActiveCfg = Debug|Any CPU
		{5C71CE52-BE71-4181-BD27-961DC8347226}.Debug|Any CPU.Build.0 = Debug|Any CPU
		{5C71CE52-BE71-4181-BD27-961DC8347226}.Release|Any CPU.ActiveCfg = Release|Any CPU
		{5C71CE52-BE71-4181-BD27-961DC8347226}.Release|Any CPU.Build.0 = Release|Any CPU
		{802FB5D3-8CC0-4C52-8A1F-64CD10817A41}.Debug|Any CPU.ActiveCfg = Debug|Any CPU
		{802FB5D3-8CC0-4C52-8A1F-64CD10817A41}.Debug|Any CPU.Build.0 = Debug|Any CPU
		{802FB5D3-8CC0-4C52-8A1F-64CD10817A41}.Release|Any CPU.ActiveCfg = Release|Any CPU
		{802FB5D3-8CC0-4C52-8A1F-64CD10817A41}.Release|Any CPU.Build.0 = Release|Any CPU
		{54151BEC-AD7D-475E-98A8-B887AEF54B9E}.Debug|Any CPU.ActiveCfg = Debug|Any CPU
		{54151BEC-AD7D-475E-98A8-B887AEF54B9E}.Debug|Any CPU.Build.0 = Debug|Any CPU
		{54151BEC-AD7D-475E-98A8-B887AEF54B9E}.Release|Any CPU.ActiveCfg = Release|Any CPU
		{54151BEC-AD7D-475E-98A8-B887AEF54B9E}.Release|Any CPU.Build.0 = Release|Any CPU
		{C5138B2E-89DE-4DE8-9A96-9B6F728F37FD}.Debug|Any CPU.ActiveCfg = Debug|Any CPU
		{C5138B2E-89DE-4DE8-9A96-9B6F728F37FD}.Debug|Any CPU.Build.0 = Debug|Any CPU
		{C5138B2E-89DE-4DE8-9A96-9B6F728F37FD}.Release|Any CPU.ActiveCfg = Release|Any CPU
		{C5138B2E-89DE-4DE8-9A96-9B6F728F37FD}.Release|Any CPU.Build.0 = Release|Any CPU
	EndGlobalSection
	GlobalSection(SolutionProperties) = preSolution
		HideSolutionNode = FALSE
	EndGlobalSection
	GlobalSection(ExtensibilityGlobals) = postSolution
		SolutionGuid = {5DFD7A98-4C65-4E05-81C5-E13D69574E6A}
	EndGlobalSection
EndGlobal
